
Microsoft Visual Studio Solution File, Format Version 12.00
# Visual Studio Version 17
VisualStudioVersion = 17.4.33213.308
MinimumVisualStudioVersion = 10.0.40219.1
Project("{9A19103F-16F7-4668-BE54-9A1E7A4F7556}") = "FormulaEvaluator", "FormulaEvaluator\FormulaEvaluator.csproj", "{1C962234-4573-4D60-8C62-B6770BAB1606}"
EndProject
Project("{9A19103F-16F7-4668-BE54-9A1E7A4F7556}") = "FormulaEvaluatorTester", "FormulaEvaluatorTester\FormulaEvaluatorTester.csproj", "{D2C6AB04-249C-4C1C-850D-0AE204031ED0}"
EndProject
Project("{2150E333-8FDC-42A3-9474-1A3956D46DE8}") = "Solution Items", "Solution Items", "{1DD221E2-A4CF-426B-ABF6-47B01D843DF9}"
	ProjectSection(SolutionItems) = preProject
		Whiteboard\architecture.jpg = Whiteboard\architecture.jpg
		Whiteboard\dependency_graph_whiteboard.jpg = Whiteboard\dependency_graph_whiteboard.jpg
		Whiteboard\formula_whiteboard.jpg = Whiteboard\formula_whiteboard.jpg
		README.md = README.md
		Whiteboard\spreadsheet_whiteboard.jpg = Whiteboard\spreadsheet_whiteboard.jpg
	EndProjectSection
EndProject
Project("{9A19103F-16F7-4668-BE54-9A1E7A4F7556}") = "DependencyGraph", "DependencyGraph\DependencyGraph.csproj", "{CEFA6E5C-E857-433C-A280-75983F659688}"
EndProject
Project("{9A19103F-16F7-4668-BE54-9A1E7A4F7556}") = "DependencyGraphTests", "DependencyGraphTests\DependencyGraphTests.csproj", "{5220BE8D-A617-48BB-91AA-CA31F02E6BE6}"
EndProject
Project("{9A19103F-16F7-4668-BE54-9A1E7A4F7556}") = "GradingTests", "GradingTests\GradingTests.csproj", "{55EF54AB-742D-40BD-962D-D881B09AEC8A}"
EndProject
Project("{9A19103F-16F7-4668-BE54-9A1E7A4F7556}") = "Formula", "Formula\Formula.csproj", "{24B226F2-5599-4940-A862-8EB7E2E854A3}"
EndProject
Project("{9A19103F-16F7-4668-BE54-9A1E7A4F7556}") = "FormulaTests", "FormulaTests\FormulaTests.csproj", "{BE6096A2-5E3D-4BEC-87F9-645B155794CE}"
EndProject
Project("{9A19103F-16F7-4668-BE54-9A1E7A4F7556}") = "Spreadsheet", "Spreadsheet\Spreadsheet.csproj", "{92886666-3E78-4943-97B3-1182281BDE19}"
EndProject
Project("{9A19103F-16F7-4668-BE54-9A1E7A4F7556}") = "SpreadsheetTests", "SpreadsheetTests\SpreadsheetTests.csproj", "{8EC8F1C9-7D4E-4B24-A15F-E00224C88D3B}"
EndProject
Project("{9A19103F-16F7-4668-BE54-9A1E7A4F7556}") = "GUI", "GUI\GUI.csproj", "{EFD3FC56-2A28-46EE-B000-0239CADA2C77}"
EndProject
Global
	GlobalSection(SolutionConfigurationPlatforms) = preSolution
		Debug|Any CPU = Debug|Any CPU
		Release|Any CPU = Release|Any CPU
	EndGlobalSection
	GlobalSection(ProjectConfigurationPlatforms) = postSolution
		{1C962234-4573-4D60-8C62-B6770BAB1606}.Debug|Any CPU.ActiveCfg = Debug|Any CPU
		{1C962234-4573-4D60-8C62-B6770BAB1606}.Debug|Any CPU.Build.0 = Debug|Any CPU
		{1C962234-4573-4D60-8C62-B6770BAB1606}.Release|Any CPU.ActiveCfg = Release|Any CPU
		{1C962234-4573-4D60-8C62-B6770BAB1606}.Release|Any CPU.Build.0 = Release|Any CPU
		{D2C6AB04-249C-4C1C-850D-0AE204031ED0}.Debug|Any CPU.ActiveCfg = Debug|Any CPU
		{D2C6AB04-249C-4C1C-850D-0AE204031ED0}.Debug|Any CPU.Build.0 = Debug|Any CPU
		{D2C6AB04-249C-4C1C-850D-0AE204031ED0}.Release|Any CPU.ActiveCfg = Release|Any CPU
		{D2C6AB04-249C-4C1C-850D-0AE204031ED0}.Release|Any CPU.Build.0 = Release|Any CPU
		{CEFA6E5C-E857-433C-A280-75983F659688}.Debug|Any CPU.ActiveCfg = Debug|Any CPU
		{CEFA6E5C-E857-433C-A280-75983F659688}.Debug|Any CPU.Build.0 = Debug|Any CPU
		{CEFA6E5C-E857-433C-A280-75983F659688}.Release|Any CPU.ActiveCfg = Release|Any CPU
		{CEFA6E5C-E857-433C-A280-75983F659688}.Release|Any CPU.Build.0 = Release|Any CPU
		{5220BE8D-A617-48BB-91AA-CA31F02E6BE6}.Debug|Any CPU.ActiveCfg = Debug|Any CPU
		{5220BE8D-A617-48BB-91AA-CA31F02E6BE6}.Debug|Any CPU.Build.0 = Debug|Any CPU
		{5220BE8D-A617-48BB-91AA-CA31F02E6BE6}.Release|Any CPU.ActiveCfg = Release|Any CPU
		{5220BE8D-A617-48BB-91AA-CA31F02E6BE6}.Release|Any CPU.Build.0 = Release|Any CPU
		{55EF54AB-742D-40BD-962D-D881B09AEC8A}.Debug|Any CPU.ActiveCfg = Debug|Any CPU
		{55EF54AB-742D-40BD-962D-D881B09AEC8A}.Debug|Any CPU.Build.0 = Debug|Any CPU
		{55EF54AB-742D-40BD-962D-D881B09AEC8A}.Release|Any CPU.ActiveCfg = Release|Any CPU
		{55EF54AB-742D-40BD-962D-D881B09AEC8A}.Release|Any CPU.Build.0 = Release|Any CPU
		{24B226F2-5599-4940-A862-8EB7E2E854A3}.Debug|Any CPU.ActiveCfg = Debug|Any CPU
		{24B226F2-5599-4940-A862-8EB7E2E854A3}.Debug|Any CPU.Build.0 = Debug|Any CPU
		{24B226F2-5599-4940-A862-8EB7E2E854A3}.Release|Any CPU.ActiveCfg = Release|Any CPU
		{24B226F2-5599-4940-A862-8EB7E2E854A3}.Release|Any CPU.Build.0 = Release|Any CPU
		{BE6096A2-5E3D-4BEC-87F9-645B155794CE}.Debug|Any CPU.ActiveCfg = Debug|Any CPU
		{BE6096A2-5E3D-4BEC-87F9-645B155794CE}.Debug|Any CPU.Build.0 = Debug|Any CPU
		{BE6096A2-5E3D-4BEC-87F9-645B155794CE}.Release|Any CPU.ActiveCfg = Release|Any CPU
		{BE6096A2-5E3D-4BEC-87F9-645B155794CE}.Release|Any CPU.Build.0 = Release|Any CPU
		{92886666-3E78-4943-97B3-1182281BDE19}.Debug|Any CPU.ActiveCfg = Debug|Any CPU
		{92886666-3E78-4943-97B3-1182281BDE19}.Debug|Any CPU.Build.0 = Debug|Any CPU
		{92886666-3E78-4943-97B3-1182281BDE19}.Release|Any CPU.ActiveCfg = Release|Any CPU
		{92886666-3E78-4943-97B3-1182281BDE19}.Release|Any CPU.Build.0 = Release|Any CPU
		{8EC8F1C9-7D4E-4B24-A15F-E00224C88D3B}.Debug|Any CPU.ActiveCfg = Debug|Any CPU
		{8EC8F1C9-7D4E-4B24-A15F-E00224C88D3B}.Debug|Any CPU.Build.0 = Debug|Any CPU
		{8EC8F1C9-7D4E-4B24-A15F-E00224C88D3B}.Release|Any CPU.ActiveCfg = Release|Any CPU
		{8EC8F1C9-7D4E-4B24-A15F-E00224C88D3B}.Release|Any CPU.Build.0 = Release|Any CPU
		{EFD3FC56-2A28-46EE-B000-0239CADA2C77}.Debug|Any CPU.ActiveCfg = Debug|Any CPU
		{EFD3FC56-2A28-46EE-B000-0239CADA2C77}.Debug|Any CPU.Build.0 = Debug|Any CPU
		{EFD3FC56-2A28-46EE-B000-0239CADA2C77}.Debug|Any CPU.Deploy.0 = Debug|Any CPU
		{EFD3FC56-2A28-46EE-B000-0239CADA2C77}.Release|Any CPU.ActiveCfg = Release|Any CPU
		{EFD3FC56-2A28-46EE-B000-0239CADA2C77}.Release|Any CPU.Build.0 = Release|Any CPU
		{EFD3FC56-2A28-46EE-B000-0239CADA2C77}.Release|Any CPU.Deploy.0 = Release|Any CPU
	EndGlobalSection
	GlobalSection(SolutionProperties) = preSolution
		HideSolutionNode = FALSE
	EndGlobalSection
	GlobalSection(ExtensibilityGlobals) = postSolution
		SolutionGuid = {E922F55E-AEDF-493E-8AB4-36AC519EB9B0}
	EndGlobalSection
EndGlobal
